
Microsoft Visual Studio Solution File, Format Version 12.00
# Visual Studio Version 17
VisualStudioVersion = 17.3.32929.385
MinimumVisualStudioVersion = 10.0.40219.1
Project("{FAE04EC0-301F-11D3-BF4B-00C04F79EFBC}") = "Portifolio.Api", "Portifolio.Api\Portifolio.Api.csproj", "{C13DDFC4-01AC-4952-A3DE-3F9314920078}"
EndProject
Global
	GlobalSection(SolutionConfigurationPlatforms) = preSolution
		Debug|Any CPU = Debug|Any CPU
		Release|Any CPU = Release|Any CPU
	EndGlobalSection
	GlobalSection(ProjectConfigurationPlatforms) = postSolution
		{C13DDFC4-01AC-4952-A3DE-3F9314920078}.Debug|Any CPU.ActiveCfg = Debug|Any CPU
		{C13DDFC4-01AC-4952-A3DE-3F9314920078}.Debug|Any CPU.Build.0 = Debug|Any CPU
		{C13DDFC4-01AC-4952-A3DE-3F9314920078}.Release|Any CPU.ActiveCfg = Release|Any CPU
		{C13DDFC4-01AC-4952-A3DE-3F9314920078}.Release|Any CPU.Build.0 = Release|Any CPU
	EndGlobalSection
	GlobalSection(SolutionProperties) = preSolution
		HideSolutionNode = FALSE
	EndGlobalSection
	GlobalSection(ExtensibilityGlobals) = postSolution
		SolutionGuid = {F60B970F-4879-4FCA-BF9B-CDA434B7AE54}
	EndGlobalSection
EndGlobal
